
Microsoft Visual Studio Solution File, Format Version 12.00
# Visual Studio Version 17
VisualStudioVersion = 17.0.31903.59
MinimumVisualStudioVersion = 10.0.40219.1
Project("{2150E333-8FDC-42A3-9474-1A3956D46DE8}") = "src", "src", "{615CD1D5-B302-491D-8EDE-0734E9C16C44}"
EndProject
Project("{FAE04EC0-301F-11D3-BF4B-00C04F79EFBC}") = "Ednsv.Core", "src\Ednsv.Core\Ednsv.Core.csproj", "{96DE1BCC-C13C-4D76-AEBA-5A5880D59D01}"
EndProject
Project("{FAE04EC0-301F-11D3-BF4B-00C04F79EFBC}") = "Ednsv.Cli", "src\Ednsv.Cli\Ednsv.Cli.csproj", "{4681656C-04AA-4264-B9C3-846E5C63FFE6}"
EndProject
Global
	GlobalSection(SolutionConfigurationPlatforms) = preSolution
		Debug|Any CPU = Debug|Any CPU
		Release|Any CPU = Release|Any CPU
	EndGlobalSection
	GlobalSection(SolutionProperties) = preSolution
		HideSolutionNode = FALSE
	EndGlobalSection
	GlobalSection(ProjectConfigurationPlatforms) = postSolution
		{96DE1BCC-C13C-4D76-AEBA-5A5880D59D01}.Debug|Any CPU.ActiveCfg = Debug|Any CPU
		{96DE1BCC-C13C-4D76-AEBA-5A5880D59D01}.Debug|Any CPU.Build.0 = Debug|Any CPU
		{96DE1BCC-C13C-4D76-AEBA-5A5880D59D01}.Release|Any CPU.ActiveCfg = Release|Any CPU
		{96DE1BCC-C13C-4D76-AEBA-5A5880D59D01}.Release|Any CPU.Build.0 = Release|Any CPU
		{4681656C-04AA-4264-B9C3-846E5C63FFE6}.Debug|Any CPU.ActiveCfg = Debug|Any CPU
		{4681656C-04AA-4264-B9C3-846E5C63FFE6}.Debug|Any CPU.Build.0 = Debug|Any CPU
		{4681656C-04AA-4264-B9C3-846E5C63FFE6}.Release|Any CPU.ActiveCfg = Release|Any CPU
		{4681656C-04AA-4264-B9C3-846E5C63FFE6}.Release|Any CPU.Build.0 = Release|Any CPU
	EndGlobalSection
	GlobalSection(NestedProjects) = preSolution
		{96DE1BCC-C13C-4D76-AEBA-5A5880D59D01} = {615CD1D5-B302-491D-8EDE-0734E9C16C44}
		{4681656C-04AA-4264-B9C3-846E5C63FFE6} = {615CD1D5-B302-491D-8EDE-0734E9C16C44}
	EndGlobalSection
EndGlobal
